
Microsoft Visual Studio Solution File, Format Version 12.00
# Visual Studio 15
VisualStudioVersion = 15.0.27130.2024
MinimumVisualStudioVersion = 10.0.40219.1
Project("{FAE04EC0-301F-11D3-BF4B-00C04F79EFBC}") = "HRApp", "HRApp\HRApp.csproj", "{D9A03370-7112-4440-9A1F-68ABA6BBC19A}"
EndProject
Project("{FAE04EC0-301F-11D3-BF4B-00C04F79EFBC}") = "HRApp.Tests", "HRApp.Tests\HRApp.Tests.csproj", "{073D33EF-E651-4F97-AEF5-49A41DDE0A60}"
EndProject
Global
	GlobalSection(SolutionConfigurationPlatforms) = preSolution
		Debug|Any CPU = Debug|Any CPU
		Release|Any CPU = Release|Any CPU
	EndGlobalSection
	GlobalSection(ProjectConfigurationPlatforms) = postSolution
		{D9A03370-7112-4440-9A1F-68ABA6BBC19A}.Debug|Any CPU.ActiveCfg = Debug|Any CPU
		{D9A03370-7112-4440-9A1F-68ABA6BBC19A}.Debug|Any CPU.Build.0 = Debug|Any CPU
		{D9A03370-7112-4440-9A1F-68ABA6BBC19A}.Release|Any CPU.ActiveCfg = Release|Any CPU
		{D9A03370-7112-4440-9A1F-68ABA6BBC19A}.Release|Any CPU.Build.0 = Release|Any CPU
		{073D33EF-E651-4F97-AEF5-49A41DDE0A60}.Debug|Any CPU.ActiveCfg = Debug|Any CPU
		{073D33EF-E651-4F97-AEF5-49A41DDE0A60}.Debug|Any CPU.Build.0 = Debug|Any CPU
		{073D33EF-E651-4F97-AEF5-49A41DDE0A60}.Release|Any CPU.ActiveCfg = Release|Any CPU
		{073D33EF-E651-4F97-AEF5-49A41DDE0A60}.Release|Any CPU.Build.0 = Release|Any CPU
	EndGlobalSection
	GlobalSection(SolutionProperties) = preSolution
		HideSolutionNode = FALSE
	EndGlobalSection
	GlobalSection(ExtensibilityGlobals) = postSolution
		SolutionGuid = {2602F370-0A78-4146-AC21-19B56E1A7E72}
	EndGlobalSection
EndGlobal
